
Microsoft Visual Studio Solution File, Format Version 12.00
# Visual Studio Version 17
VisualStudioVersion = 17.4.33110.190
MinimumVisualStudioVersion = 10.0.40219.1
Project("{8BC9CEB8-8B4A-11D0-8D11-00A0C91BC942}") = "Common", "Common\Common.vcxproj", "{8EDAF807-1015-49DF-914B-464AEF5C0C97}"
EndProject
Project("{8BC9CEB8-8B4A-11D0-8D11-00A0C91BC942}") = "TrafficSystem", "TrafficSystem\TrafficSystem.vcxproj", "{55A73206-2720-4DC6-A35B-4808F490E086}"
	ProjectSection(ProjectDependencies) = postProject
		{8EDAF807-1015-49DF-914B-464AEF5C0C97} = {8EDAF807-1015-49DF-914B-464AEF5C0C97}
	EndProjectSection
EndProject
Project("{8BC9CEB8-8B4A-11D0-8D11-00A0C91BC942}") = "TrafficSystemViewer", "TrafficSystemViewer\TrafficSystemViewer.vcxproj", "{D3259DDC-89DB-4128-8E0B-2361478481DC}"
	ProjectSection(ProjectDependencies) = postProject
		{55A73206-2720-4DC6-A35B-4808F490E086} = {55A73206-2720-4DC6-A35B-4808F490E086}
		{8EDAF807-1015-49DF-914B-464AEF5C0C97} = {8EDAF807-1015-49DF-914B-464AEF5C0C97}
		{935E3135-51A4-438B-B137-B929EA91BBAE} = {935E3135-51A4-438B-B137-B929EA91BBAE}
		{DEB9CFE7-B184-4522-8B48-F75F2DD14392} = {DEB9CFE7-B184-4522-8B48-F75F2DD14392}
	EndProjectSection
EndProject
Project("{8BC9CEB8-8B4A-11D0-8D11-00A0C91BC942}") = "ShaderViewer", "ShaderViewer\ShaderViewer.vcxproj", "{E419C5B8-9992-48E1-A594-BF2EFBCE4FD7}"
	ProjectSection(ProjectDependencies) = postProject
		{8EDAF807-1015-49DF-914B-464AEF5C0C97} = {8EDAF807-1015-49DF-914B-464AEF5C0C97}
		{DEB9CFE7-B184-4522-8B48-F75F2DD14392} = {DEB9CFE7-B184-4522-8B48-F75F2DD14392}
	EndProjectSection
EndProject
Project("{8BC9CEB8-8B4A-11D0-8D11-00A0C91BC942}") = "Shader", "Shader\Shader.vcxproj", "{DEB9CFE7-B184-4522-8B48-F75F2DD14392}"
	ProjectSection(ProjectDependencies) = postProject
		{8EDAF807-1015-49DF-914B-464AEF5C0C97} = {8EDAF807-1015-49DF-914B-464AEF5C0C97}
	EndProjectSection
EndProject
Project("{2150E333-8FDC-42A3-9474-1A3956D46DE8}") = "Solution Items", "Solution Items", "{DE103640-5260-4E4F-9139-96AD9D29EB0D}"
	ProjectSection(SolutionItems) = preProject
		Readme.txt = Readme.txt
	EndProjectSection
EndProject
Project("{8BC9CEB8-8B4A-11D0-8D11-00A0C91BC942}") = "Assignment", "Assignment\Assignment.vcxproj", "{935E3135-51A4-438B-B137-B929EA91BBAE}"
	ProjectSection(ProjectDependencies) = postProject
		{55A73206-2720-4DC6-A35B-4808F490E086} = {55A73206-2720-4DC6-A35B-4808F490E086}
		{8EDAF807-1015-49DF-914B-464AEF5C0C97} = {8EDAF807-1015-49DF-914B-464AEF5C0C97}
		{DEB9CFE7-B184-4522-8B48-F75F2DD14392} = {DEB9CFE7-B184-4522-8B48-F75F2DD14392}
	EndProjectSection
EndProject
Global
	GlobalSection(SolutionConfigurationPlatforms) = preSolution
		Debug|x64 = Debug|x64
		Debug|x86 = Debug|x86
		Release|x64 = Release|x64
		Release|x86 = Release|x86
	EndGlobalSection
	GlobalSection(ProjectConfigurationPlatforms) = postSolution
		{8EDAF807-1015-49DF-914B-464AEF5C0C97}.Debug|x64.ActiveCfg = Debug|x64
		{8EDAF807-1015-49DF-914B-464AEF5C0C97}.Debug|x64.Build.0 = Debug|x64
		{8EDAF807-1015-49DF-914B-464AEF5C0C97}.Debug|x86.ActiveCfg = Debug|Win32
		{8EDAF807-1015-49DF-914B-464AEF5C0C97}.Debug|x86.Build.0 = Debug|Win32
		{8EDAF807-1015-49DF-914B-464AEF5C0C97}.Release|x64.ActiveCfg = Release|x64
		{8EDAF807-1015-49DF-914B-464AEF5C0C97}.Release|x64.Build.0 = Release|x64
		{8EDAF807-1015-49DF-914B-464AEF5C0C97}.Release|x86.ActiveCfg = Release|Win32
		{8EDAF807-1015-49DF-914B-464AEF5C0C97}.Release|x86.Build.0 = Release|Win32
		{55A73206-2720-4DC6-A35B-4808F490E086}.Debug|x64.ActiveCfg = Debug|x64
		{55A73206-2720-4DC6-A35B-4808F490E086}.Debug|x64.Build.0 = Debug|x64
		{55A73206-2720-4DC6-A35B-4808F490E086}.Debug|x86.ActiveCfg = Debug|Win32
		{55A73206-2720-4DC6-A35B-4808F490E086}.Debug|x86.Build.0 = Debug|Win32
		{55A73206-2720-4DC6-A35B-4808F490E086}.Release|x64.ActiveCfg = Release|x64
		{55A73206-2720-4DC6-A35B-4808F490E086}.Release|x64.Build.0 = Release|x64
		{55A73206-2720-4DC6-A35B-4808F490E086}.Release|x86.ActiveCfg = Release|Win32
		{55A73206-2720-4DC6-A35B-4808F490E086}.Release|x86.Build.0 = Release|Win32
		{D3259DDC-89DB-4128-8E0B-2361478481DC}.Debug|x64.ActiveCfg = Debug|x64
		{D3259DDC-89DB-4128-8E0B-2361478481DC}.Debug|x64.Build.0 = Debug|x64
		{D3259DDC-89DB-4128-8E0B-2361478481DC}.Debug|x86.ActiveCfg = Debug|Win32
		{D3259DDC-89DB-4128-8E0B-2361478481DC}.Debug|x86.Build.0 = Debug|Win32
		{D3259DDC-89DB-4128-8E0B-2361478481DC}.Release|x64.ActiveCfg = Release|x64
		{D3259DDC-89DB-4128-8E0B-2361478481DC}.Release|x64.Build.0 = Release|x64
		{D3259DDC-89DB-4128-8E0B-2361478481DC}.Release|x86.ActiveCfg = Release|Win32
		{D3259DDC-89DB-4128-8E0B-2361478481DC}.Release|x86.Build.0 = Release|Win32
		{E419C5B8-9992-48E1-A594-BF2EFBCE4FD7}.Debug|x64.ActiveCfg = Debug|x64
		{E419C5B8-9992-48E1-A594-BF2EFBCE4FD7}.Debug|x64.Build.0 = Debug|x64
		{E419C5B8-9992-48E1-A594-BF2EFBCE4FD7}.Debug|x86.ActiveCfg = Debug|Win32
		{E419C5B8-9992-48E1-A594-BF2EFBCE4FD7}.Debug|x86.Build.0 = Debug|Win32
		{E419C5B8-9992-48E1-A594-BF2EFBCE4FD7}.Release|x64.ActiveCfg = Release|x64
		{E419C5B8-9992-48E1-A594-BF2EFBCE4FD7}.Release|x64.Build.0 = Release|x64
		{E419C5B8-9992-48E1-A594-BF2EFBCE4FD7}.Release|x86.ActiveCfg = Release|Win32
		{E419C5B8-9992-48E1-A594-BF2EFBCE4FD7}.Release|x86.Build.0 = Release|Win32
		{DEB9CFE7-B184-4522-8B48-F75F2DD14392}.Debug|x64.ActiveCfg = Debug|x64
		{DEB9CFE7-B184-4522-8B48-F75F2DD14392}.Debug|x64.Build.0 = Debug|x64
		{DEB9CFE7-B184-4522-8B48-F75F2DD14392}.Debug|x86.ActiveCfg = Debug|Win32
		{DEB9CFE7-B184-4522-8B48-F75F2DD14392}.Debug|x86.Build.0 = Debug|Win32
		{DEB9CFE7-B184-4522-8B48-F75F2DD14392}.Release|x64.ActiveCfg = Release|x64
		{DEB9CFE7-B184-4522-8B48-F75F2DD14392}.Release|x64.Build.0 = Release|x64
		{DEB9CFE7-B184-4522-8B48-F75F2DD14392}.Release|x86.ActiveCfg = Release|Win32
		{DEB9CFE7-B184-4522-8B48-F75F2DD14392}.Release|x86.Build.0 = Release|Win32
		{935E3135-51A4-438B-B137-B929EA91BBAE}.Debug|x64.ActiveCfg = Debug|x64
		{935E3135-51A4-438B-B137-B929EA91BBAE}.Debug|x64.Build.0 = Debug|x64
		{935E3135-51A4-438B-B137-B929EA91BBAE}.Debug|x86.ActiveCfg = Debug|Win32
		{935E3135-51A4-438B-B137-B929EA91BBAE}.Debug|x86.Build.0 = Debug|Win32
		{935E3135-51A4-438B-B137-B929EA91BBAE}.Release|x64.ActiveCfg = Release|x64
		{935E3135-51A4-438B-B137-B929EA91BBAE}.Release|x64.Build.0 = Release|x64
		{935E3135-51A4-438B-B137-B929EA91BBAE}.Release|x86.ActiveCfg = Release|Win32
		{935E3135-51A4-438B-B137-B929EA91BBAE}.Release|x86.Build.0 = Release|Win32
	EndGlobalSection
	GlobalSection(SolutionProperties) = preSolution
		HideSolutionNode = FALSE
	EndGlobalSection
	GlobalSection(ExtensibilityGlobals) = postSolution
		SolutionGuid = {63551F60-D9CD-46E0-A691-0F065F3A695B}
	EndGlobalSection
EndGlobal
